
Microsoft Visual Studio Solution File, Format Version 12.00
# Visual Studio 14
VisualStudioVersion = 14.0.23107.0
MinimumVisualStudioVersion = 10.0.40219.1
Project("{FAE04EC0-301F-11D3-BF4B-00C04F79EFBC}") = "CapaPresentacion", "CapaPresentacion\CapaPresentacion.csproj", "{EA7525F9-A696-42C1-92D6-B5B4A46FCCA3}"
EndProject
Project("{FAE04EC0-301F-11D3-BF4B-00C04F79EFBC}") = "CapaDato", "CapaDato\CapaDato.csproj", "{C1B82285-F0D7-4032-B590-2CF7497BB3FD}"
EndProject
Project("{FAE04EC0-301F-11D3-BF4B-00C04F79EFBC}") = "CapaNegocios", "CapaNegocios\CapaNegocios.csproj", "{D1C97FB1-215E-4B5D-BAE4-E7A94739E7EB}"
EndProject
Project("{FAE04EC0-301F-11D3-BF4B-00C04F79EFBC}") = "CapaEntidades", "CapaEntidades\CapaEntidades.csproj", "{73752211-BA41-42A8-B164-5BAA1FA561D9}"
EndProject
Global
	GlobalSection(SolutionConfigurationPlatforms) = preSolution
		Debug|Any CPU = Debug|Any CPU
		Release|Any CPU = Release|Any CPU
	EndGlobalSection
	GlobalSection(ProjectConfigurationPlatforms) = postSolution
		{EA7525F9-A696-42C1-92D6-B5B4A46FCCA3}.Debug|Any CPU.ActiveCfg = Debug|Any CPU
		{EA7525F9-A696-42C1-92D6-B5B4A46FCCA3}.Debug|Any CPU.Build.0 = Debug|Any CPU
		{EA7525F9-A696-42C1-92D6-B5B4A46FCCA3}.Release|Any CPU.ActiveCfg = Release|Any CPU
		{EA7525F9-A696-42C1-92D6-B5B4A46FCCA3}.Release|Any CPU.Build.0 = Release|Any CPU
		{C1B82285-F0D7-4032-B590-2CF7497BB3FD}.Debug|Any CPU.ActiveCfg = Debug|Any CPU
		{C1B82285-F0D7-4032-B590-2CF7497BB3FD}.Debug|Any CPU.Build.0 = Debug|Any CPU
		{C1B82285-F0D7-4032-B590-2CF7497BB3FD}.Release|Any CPU.ActiveCfg = Release|Any CPU
		{C1B82285-F0D7-4032-B590-2CF7497BB3FD}.Release|Any CPU.Build.0 = Release|Any CPU
		{D1C97FB1-215E-4B5D-BAE4-E7A94739E7EB}.Debug|Any CPU.ActiveCfg = Debug|Any CPU
		{D1C97FB1-215E-4B5D-BAE4-E7A94739E7EB}.Debug|Any CPU.Build.0 = Debug|Any CPU
		{D1C97FB1-215E-4B5D-BAE4-E7A94739E7EB}.Release|Any CPU.ActiveCfg = Release|Any CPU
		{D1C97FB1-215E-4B5D-BAE4-E7A94739E7EB}.Release|Any CPU.Build.0 = Release|Any CPU
		{73752211-BA41-42A8-B164-5BAA1FA561D9}.Debug|Any CPU.ActiveCfg = Debug|Any CPU
		{73752211-BA41-42A8-B164-5BAA1FA561D9}.Debug|Any CPU.Build.0 = Debug|Any CPU
		{73752211-BA41-42A8-B164-5BAA1FA561D9}.Release|Any CPU.ActiveCfg = Release|Any CPU
		{73752211-BA41-42A8-B164-5BAA1FA561D9}.Release|Any CPU.Build.0 = Release|Any CPU
	EndGlobalSection
	GlobalSection(SolutionProperties) = preSolution
		HideSolutionNode = FALSE
	EndGlobalSection
EndGlobal
